
Microsoft Visual Studio Solution File, Format Version 9.00
# Visual Studio 2005
Project("{FAE04EC0-301F-11D3-BF4B-00C04F79EFBC}") = "CreateISOImage", "CreateISOImage.csproj", "{F0A12B9C-EB63-4CCC-A99E-AC13EAE3C7CC}"
EndProject
Global
	GlobalSection(SolutionConfigurationPlatforms) = preSolution
		Debug|Any CPU = Debug|Any CPU
		Release|Any CPU = Release|Any CPU
	EndGlobalSection
	GlobalSection(ProjectConfigurationPlatforms) = postSolution
		{F0A12B9C-EB63-4CCC-A99E-AC13EAE3C7CC}.Debug|Any CPU.ActiveCfg = Debug|Any CPU
		{F0A12B9C-EB63-4CCC-A99E-AC13EAE3C7CC}.Debug|Any CPU.Build.0 = Debug|Any CPU
		{F0A12B9C-EB63-4CCC-A99E-AC13EAE3C7CC}.Release|Any CPU.ActiveCfg = Release|Any CPU
		{F0A12B9C-EB63-4CCC-A99E-AC13EAE3C7CC}.Release|Any CPU.Build.0 = Release|Any CPU
	EndGlobalSection
	GlobalSection(SolutionProperties) = preSolution
		HideSolutionNode = FALSE
	EndGlobalSection
EndGlobal
